
Microsoft Visual Studio Solution File, Format Version 12.00
# Visual Studio Version 17
VisualStudioVersion = 17.8.34330.188
MinimumVisualStudioVersion = 10.0.40219.1
Project("{FAE04EC0-301F-11D3-BF4B-00C04F79EFBC}") = "IsolatedPressureTest", "IsolatedPressureTest.csproj", "{C2E5FD54-97BA-4054-AC75-6BD0F020B792}"
EndProject
Global
	GlobalSection(SolutionConfigurationPlatforms) = preSolution
		Debug|Any CPU = Debug|Any CPU
		Release|Any CPU = Release|Any CPU
	EndGlobalSection
	GlobalSection(ProjectConfigurationPlatforms) = postSolution
		{C2E5FD54-97BA-4054-AC75-6BD0F020B792}.Debug|Any CPU.ActiveCfg = Debug|Any CPU
		{C2E5FD54-97BA-4054-AC75-6BD0F020B792}.Debug|Any CPU.Build.0 = Debug|Any CPU
		{C2E5FD54-97BA-4054-AC75-6BD0F020B792}.Release|Any CPU.ActiveCfg = Release|Any CPU
		{C2E5FD54-97BA-4054-AC75-6BD0F020B792}.Release|Any CPU.Build.0 = Release|Any CPU
	EndGlobalSection
	GlobalSection(SolutionProperties) = preSolution
		HideSolutionNode = FALSE
	EndGlobalSection
	GlobalSection(ExtensibilityGlobals) = postSolution
		SolutionGuid = {D481E643-9650-4EC2-8932-913278AAC8F1}
	EndGlobalSection
EndGlobal
